
Microsoft Visual Studio Solution File, Format Version 12.00
# Visual Studio Version 17
VisualStudioVersion = 17.11.35222.181
MinimumVisualStudioVersion = 10.0.40219.1
Project("{FAE04EC0-301F-11D3-BF4B-00C04F79EFBC}") = "QuillTextEditor", "QuillTextEditor.csproj", "{71B8865F-1201-435D-9AAD-B0F20F2D4D46}"
EndProject
Global
	GlobalSection(SolutionConfigurationPlatforms) = preSolution
		Debug|Any CPU = Debug|Any CPU
		Release|Any CPU = Release|Any CPU
	EndGlobalSection
	GlobalSection(ProjectConfigurationPlatforms) = postSolution
		{71B8865F-1201-435D-9AAD-B0F20F2D4D46}.Debug|Any CPU.ActiveCfg = Debug|Any CPU
		{71B8865F-1201-435D-9AAD-B0F20F2D4D46}.Debug|Any CPU.Build.0 = Debug|Any CPU
		{71B8865F-1201-435D-9AAD-B0F20F2D4D46}.Release|Any CPU.ActiveCfg = Release|Any CPU
		{71B8865F-1201-435D-9AAD-B0F20F2D4D46}.Release|Any CPU.Build.0 = Release|Any CPU
	EndGlobalSection
	GlobalSection(SolutionProperties) = preSolution
		HideSolutionNode = FALSE
	EndGlobalSection
	GlobalSection(ExtensibilityGlobals) = postSolution
		SolutionGuid = {39657897-B08E-4432-8233-6A98168C238D}
	EndGlobalSection
EndGlobal
